# This file is generated by running "yarn install" inside your project.
# Manual changes might be lost - proceed with caution!

__metadata:
  version: 8
  cacheKey: 10c0

"@prisma/client@npm:5.1.1":
  version: 5.1.1
  resolution: "@prisma/client@npm:5.1.1"
  dependencies:
    "@prisma/engines-version": "npm:5.1.1-1.6a3747c37ff169c90047725a05a6ef02e32ac97e"
  peerDependencies:
    prisma: "*"
  peerDependenciesMeta:
    prisma:
      optional: true
  checksum: 10c0/106da755fbecccf124b0d1f25ddd6ef574ba98dbf34e03be74fe54a0ce6daee61d0282c439fd567e96e7108e775fe87dc53dbfe762f1e97855e8c48da27e7c64
  languageName: node
  linkType: hard

"@prisma/engines-version@npm:5.1.1-1.6a3747c37ff169c90047725a05a6ef02e32ac97e":
  version: 5.1.1-1.6a3747c37ff169c90047725a05a6ef02e32ac97e
  resolution: "@prisma/engines-version@npm:5.1.1-1.6a3747c37ff169c90047725a05a6ef02e32ac97e"
  checksum: 10c0/c4b9b4581ab6d7f9901cdbe3ba03a14d1ba377cfb1bee623a6730a100054bd30400952a6bb8ec8468cb9de5dc06ecac6b9c9022000d61abdd118d0dbed72a22d
  languageName: node
  linkType: hard

"@prisma/engines@npm:5.1.1":
  version: 5.1.1
  resolution: "@prisma/engines@npm:5.1.1"
  checksum: 10c0/cceb42fd98aa86f680ac9cfc2d4e0f749a59d41f4959c7811b78489567ae62beec1c83a7ee4b597ee251264c0b2a6475a1d0d85509110bd33418e2aa8946a18c
  languageName: node
  linkType: hard

"prisma@npm:5.1.1":
  version: 5.1.1
  resolution: "prisma@npm:5.1.1"
  dependencies:
    "@prisma/engines": "npm:5.1.1"
  bin:
    prisma: build/index.js
  checksum: 10c0/0d000bd08dc2591894ac73986475f36379c84a8fdfa365b2c29035cf51e8ab8ddfb4606f70f6b2f4ba10b7a41068d53120858801cb236cb1225d0e4e6414aa49
  languageName: node
  linkType: hard

"yarn-berry@workspace:.":
  version: 0.0.0-use.local
  resolution: "yarn-berry@workspace:."
  dependencies:
    "@prisma/client": "npm:5.1.1"
    prisma: "npm:5.1.1"
  languageName: unknown
  linkType: soft
