# THIS IS AN AUTOGENERATED FILE. DO NOT EDIT THIS FILE DIRECTLY.
# yarn lockfile v1


"@prisma/client@5.1.1":
  version "5.1.1"
  resolved "https://registry.yarnpkg.com/@prisma/client/-/client-5.1.1.tgz#ea2b0c8599bdb3f86d92e8df46fba795a744db01"
  integrity sha512-fxcCeK5pMQGcgCqCrWsi+I2rpIbk0rAhdrN+ke7f34tIrgPwA68ensrpin+9+fZvuV2OtzHmuipwduSY6HswdA==
  dependencies:
    "@prisma/engines-version" "5.1.1-1.6a3747c37ff169c90047725a05a6ef02e32ac97e"

"@prisma/engines-version@5.1.1-1.6a3747c37ff169c90047725a05a6ef02e32ac97e":
  version "5.1.1-1.6a3747c37ff169c90047725a05a6ef02e32ac97e"
  resolved "https://registry.yarnpkg.com/@prisma/engines-version/-/engines-version-5.1.1-1.6a3747c37ff169c90047725a05a6ef02e32ac97e.tgz#2e8a1f098ec09452dbe00923b24f582f95d1747c"
  integrity sha512-owZqbY/wucbr65bXJ/ljrHPgQU5xXTSkmcE/JcbqE1kusuAXV/TLN3/exmz21SZ5rJ7WDkyk70J2G/n68iogbQ==

"@prisma/engines@5.1.1":
  version "5.1.1"
  resolved "https://registry.yarnpkg.com/@prisma/engines/-/engines-5.1.1.tgz#9c26d209f93a563e048eab63b1976f222f1707d0"
  integrity sha512-NV/4nVNWFZSJCCIA3HIFJbbDKO/NARc9ej0tX5S9k2EVbkrFJC4Xt9b0u4rNZWL4V+F5LAjvta8vzEUw0rw+HA==

prisma@5.1.1:
  version "5.1.1"
  resolved "https://registry.yarnpkg.com/prisma/-/prisma-5.1.1.tgz#8f5c0f9467a828746cb94f846d694dc7b7481a9e"
  integrity sha512-WJFG/U7sMmcc6TjJTTifTfpI6Wjoh55xl4AzopVwAdyK68L9/ogNo8QQ2cxuUjJf/Wa82z/uhyh3wMzvRIBphg==
  dependencies:
    "@prisma/engines" "5.1.1"
